
Microsoft Visual Studio Solution File, Format Version 12.00
Project("{2150E333-8FDC-42A3-9474-1A3956D46DE8}") = "src", "src", "{EC8EE322-E649-4DF6-8811-9A8C5A0067EF}"
	ProjectSection(SolutionItems) = preProject
		src\Dockerfile = src\Dockerfile
		src\docker-compose.yaml = src\docker-compose.yaml
	EndProjectSection
EndProject
Project("{FAE04EC0-301F-11D3-BF4B-00C04F79EFBC}") = "BookPlatform.WebAPI", "src\BookPlatform.WebAPI\BookPlatform.WebAPI.csproj", "{136D4C2F-8198-4BCE-B587-436C824B152E}"
EndProject
Project("{2150E333-8FDC-42A3-9474-1A3956D46DE8}") = "test", "test", "{368A03A0-FB33-416C-936C-BC05C2535223}"
EndProject
Project("{FAE04EC0-301F-11D3-BF4B-00C04F79EFBC}") = "BookPlatform.SharedKernel", "src\BookPlatform.SharedKernel\BookPlatform.SharedKernel.csproj", "{301519A1-30DC-40A0-B6CB-7500A7A784D8}"
EndProject
Project("{FAE04EC0-301F-11D3-BF4B-00C04F79EFBC}") = "BookPlatform.Domain", "src\BookPlatform.Domain\BookPlatform.Domain.csproj", "{EB00A8B2-C04C-4E0D-B3DA-BF3EB8E41FD3}"
EndProject
Project("{FAE04EC0-301F-11D3-BF4B-00C04F79EFBC}") = "BookPlatform.Infrastructure", "src\BookPlatform.Infrastructure\BookPlatform.Infrastructure.csproj", "{44FBBEAC-E7AC-41C8-9CAA-4A0EA651D2A1}"
EndProject
Project("{FAE04EC0-301F-11D3-BF4B-00C04F79EFBC}") = "BookPlatform.Application", "src\BookPlatform.Application\BookPlatform.Application.csproj", "{1B13613E-6D89-4FDA-998B-C498B95E8D5C}"
EndProject
Project("{FAE04EC0-301F-11D3-BF4B-00C04F79EFBC}") = "BookPlatform.Application.Contracts", "src\BookPlatform.Application.Contracts\BookPlatform.Application.Contracts.csproj", "{CC98E3B0-2545-445B-A93C-1C157DBDB407}"
EndProject
Project("{2150E333-8FDC-42A3-9474-1A3956D46DE8}") = "BookPlatform.Domain", "BookPlatform.Domain", "{A0B227FD-3023-4E5A-8B1E-2B53B5DD53A6}"
EndProject
Project("{FAE04EC0-301F-11D3-BF4B-00C04F79EFBC}") = "BookPlatform.Domain.UnitTests", "test\BookPlatform.Domain\BookPlatform.Domain.UnitTests\BookPlatform.Domain.UnitTests.csproj", "{43BC6932-22EB-413A-A7AD-1E6DDFB906DA}"
EndProject
Project("{2150E333-8FDC-42A3-9474-1A3956D46DE8}") = "BookPlatform.Infrastructure", "BookPlatform.Infrastructure", "{21BCB476-CE71-4788-93F9-6D21A19E0A4F}"
EndProject
Project("{FAE04EC0-301F-11D3-BF4B-00C04F79EFBC}") = "BookPlatform.Infrastructure.UnitTests", "test\BookPlatform.Infrastructure\BookPlatform.Infrastructure.UnitTests\BookPlatform.Infrastructure.UnitTests.csproj", "{7D564804-40DD-4097-A4A6-14B02BFB73A9}"
EndProject
Global
	GlobalSection(SolutionConfigurationPlatforms) = preSolution
		Debug|Any CPU = Debug|Any CPU
		Release|Any CPU = Release|Any CPU
	EndGlobalSection
	GlobalSection(ProjectConfigurationPlatforms) = postSolution
		{136D4C2F-8198-4BCE-B587-436C824B152E}.Debug|Any CPU.ActiveCfg = Debug|Any CPU
		{136D4C2F-8198-4BCE-B587-436C824B152E}.Debug|Any CPU.Build.0 = Debug|Any CPU
		{136D4C2F-8198-4BCE-B587-436C824B152E}.Release|Any CPU.ActiveCfg = Release|Any CPU
		{136D4C2F-8198-4BCE-B587-436C824B152E}.Release|Any CPU.Build.0 = Release|Any CPU
		{301519A1-30DC-40A0-B6CB-7500A7A784D8}.Debug|Any CPU.ActiveCfg = Debug|Any CPU
		{301519A1-30DC-40A0-B6CB-7500A7A784D8}.Debug|Any CPU.Build.0 = Debug|Any CPU
		{301519A1-30DC-40A0-B6CB-7500A7A784D8}.Release|Any CPU.ActiveCfg = Release|Any CPU
		{301519A1-30DC-40A0-B6CB-7500A7A784D8}.Release|Any CPU.Build.0 = Release|Any CPU
		{EB00A8B2-C04C-4E0D-B3DA-BF3EB8E41FD3}.Debug|Any CPU.ActiveCfg = Debug|Any CPU
		{EB00A8B2-C04C-4E0D-B3DA-BF3EB8E41FD3}.Debug|Any CPU.Build.0 = Debug|Any CPU
		{EB00A8B2-C04C-4E0D-B3DA-BF3EB8E41FD3}.Release|Any CPU.ActiveCfg = Release|Any CPU
		{EB00A8B2-C04C-4E0D-B3DA-BF3EB8E41FD3}.Release|Any CPU.Build.0 = Release|Any CPU
		{44FBBEAC-E7AC-41C8-9CAA-4A0EA651D2A1}.Debug|Any CPU.ActiveCfg = Debug|Any CPU
		{44FBBEAC-E7AC-41C8-9CAA-4A0EA651D2A1}.Debug|Any CPU.Build.0 = Debug|Any CPU
		{44FBBEAC-E7AC-41C8-9CAA-4A0EA651D2A1}.Release|Any CPU.ActiveCfg = Release|Any CPU
		{44FBBEAC-E7AC-41C8-9CAA-4A0EA651D2A1}.Release|Any CPU.Build.0 = Release|Any CPU
		{1B13613E-6D89-4FDA-998B-C498B95E8D5C}.Debug|Any CPU.ActiveCfg = Debug|Any CPU
		{1B13613E-6D89-4FDA-998B-C498B95E8D5C}.Debug|Any CPU.Build.0 = Debug|Any CPU
		{1B13613E-6D89-4FDA-998B-C498B95E8D5C}.Release|Any CPU.ActiveCfg = Release|Any CPU
		{1B13613E-6D89-4FDA-998B-C498B95E8D5C}.Release|Any CPU.Build.0 = Release|Any CPU
		{CC98E3B0-2545-445B-A93C-1C157DBDB407}.Debug|Any CPU.ActiveCfg = Debug|Any CPU
		{CC98E3B0-2545-445B-A93C-1C157DBDB407}.Debug|Any CPU.Build.0 = Debug|Any CPU
		{CC98E3B0-2545-445B-A93C-1C157DBDB407}.Release|Any CPU.ActiveCfg = Release|Any CPU
		{CC98E3B0-2545-445B-A93C-1C157DBDB407}.Release|Any CPU.Build.0 = Release|Any CPU
		{43BC6932-22EB-413A-A7AD-1E6DDFB906DA}.Debug|Any CPU.ActiveCfg = Debug|Any CPU
		{43BC6932-22EB-413A-A7AD-1E6DDFB906DA}.Debug|Any CPU.Build.0 = Debug|Any CPU
		{43BC6932-22EB-413A-A7AD-1E6DDFB906DA}.Release|Any CPU.ActiveCfg = Release|Any CPU
		{43BC6932-22EB-413A-A7AD-1E6DDFB906DA}.Release|Any CPU.Build.0 = Release|Any CPU
		{7D564804-40DD-4097-A4A6-14B02BFB73A9}.Debug|Any CPU.ActiveCfg = Debug|Any CPU
		{7D564804-40DD-4097-A4A6-14B02BFB73A9}.Debug|Any CPU.Build.0 = Debug|Any CPU
		{7D564804-40DD-4097-A4A6-14B02BFB73A9}.Release|Any CPU.ActiveCfg = Release|Any CPU
		{7D564804-40DD-4097-A4A6-14B02BFB73A9}.Release|Any CPU.Build.0 = Release|Any CPU
	EndGlobalSection
	GlobalSection(NestedProjects) = preSolution
		{136D4C2F-8198-4BCE-B587-436C824B152E} = {EC8EE322-E649-4DF6-8811-9A8C5A0067EF}
		{301519A1-30DC-40A0-B6CB-7500A7A784D8} = {EC8EE322-E649-4DF6-8811-9A8C5A0067EF}
		{EB00A8B2-C04C-4E0D-B3DA-BF3EB8E41FD3} = {EC8EE322-E649-4DF6-8811-9A8C5A0067EF}
		{44FBBEAC-E7AC-41C8-9CAA-4A0EA651D2A1} = {EC8EE322-E649-4DF6-8811-9A8C5A0067EF}
		{1B13613E-6D89-4FDA-998B-C498B95E8D5C} = {EC8EE322-E649-4DF6-8811-9A8C5A0067EF}
		{CC98E3B0-2545-445B-A93C-1C157DBDB407} = {EC8EE322-E649-4DF6-8811-9A8C5A0067EF}
		{A0B227FD-3023-4E5A-8B1E-2B53B5DD53A6} = {368A03A0-FB33-416C-936C-BC05C2535223}
		{43BC6932-22EB-413A-A7AD-1E6DDFB906DA} = {A0B227FD-3023-4E5A-8B1E-2B53B5DD53A6}
		{21BCB476-CE71-4788-93F9-6D21A19E0A4F} = {368A03A0-FB33-416C-936C-BC05C2535223}
		{7D564804-40DD-4097-A4A6-14B02BFB73A9} = {21BCB476-CE71-4788-93F9-6D21A19E0A4F}
	EndGlobalSection
EndGlobal
